
Microsoft Visual Studio Solution File, Format Version 12.00
# Visual Studio 15
Project("{FAE04EC0-301F-11D3-BF4B-00C04F79EFBC}") = "Assembly-CSharp", "Assembly-CSharp.csproj", "{FB59B365-6AF2-3490-D2A5-BDCE84EEA4E0}"
EndProject
Global
	GlobalSection(SolutionConfigurationPlatforms) = preSolution
		Debug|Any CPU = Debug|Any CPU
		Release|Any CPU = Release|Any CPU
	EndGlobalSection
	GlobalSection(ProjectConfigurationPlatforms) = postSolution
		{FB59B365-6AF2-3490-D2A5-BDCE84EEA4E0}.Debug|Any CPU.ActiveCfg = Debug|Any CPU
		{FB59B365-6AF2-3490-D2A5-BDCE84EEA4E0}.Debug|Any CPU.Build.0 = Debug|Any CPU
		{FB59B365-6AF2-3490-D2A5-BDCE84EEA4E0}.Release|Any CPU.ActiveCfg = Release|Any CPU
		{FB59B365-6AF2-3490-D2A5-BDCE84EEA4E0}.Release|Any CPU.Build.0 = Release|Any CPU
	EndGlobalSection
	GlobalSection(SolutionProperties) = preSolution
		HideSolutionNode = FALSE
	EndGlobalSection
EndGlobal
